
Microsoft Visual Studio Solution File, Format Version 12.00
# Visual Studio 14
VisualStudioVersion = 14.0.25420.1
MinimumVisualStudioVersion = 10.0.40219.1
Project("{F2A71F9B-5D33-465A-A702-920D77279786}") = "Spiral V4 (bandits)", "Spiral V4 (bandits)\Spiral V4 (bandits).fsproj", "{70BC3679-E519-4513-9DEC-7424CA234C4B}"
EndProject
Project("{F2A71F9B-5D33-465A-A702-920D77279786}") = "Spiral V4 Pipes (bandits)", "Spiral V4 Pipes (bandits)\Spiral V4 Pipes (bandits).fsproj", "{97D92324-C158-4C58-BF79-F2D2E1EC98FB}"
EndProject
Project("{F2A71F9B-5D33-465A-A702-920D77279786}") = "OpTensor", "OpTensor\OpTensor.fsproj", "{6E06255E-431E-470D-9622-F3BF604A0803}"
EndProject
Project("{F2A71F9B-5D33-465A-A702-920D77279786}") = "Layer Norm Stuff", "Layer Norm Stuff\Layer Norm Stuff.fsproj", "{70B709E1-82A1-4E31-9679-28BF4EEBC62E}"
EndProject
Global
	GlobalSection(SolutionConfigurationPlatforms) = preSolution
		Debug|Any CPU = Debug|Any CPU
		Release|Any CPU = Release|Any CPU
	EndGlobalSection
	GlobalSection(ProjectConfigurationPlatforms) = postSolution
		{70BC3679-E519-4513-9DEC-7424CA234C4B}.Debug|Any CPU.ActiveCfg = Debug|Any CPU
		{70BC3679-E519-4513-9DEC-7424CA234C4B}.Debug|Any CPU.Build.0 = Debug|Any CPU
		{70BC3679-E519-4513-9DEC-7424CA234C4B}.Release|Any CPU.ActiveCfg = Release|Any CPU
		{70BC3679-E519-4513-9DEC-7424CA234C4B}.Release|Any CPU.Build.0 = Release|Any CPU
		{97D92324-C158-4C58-BF79-F2D2E1EC98FB}.Debug|Any CPU.ActiveCfg = Debug|Any CPU
		{97D92324-C158-4C58-BF79-F2D2E1EC98FB}.Debug|Any CPU.Build.0 = Debug|Any CPU
		{97D92324-C158-4C58-BF79-F2D2E1EC98FB}.Release|Any CPU.ActiveCfg = Release|Any CPU
		{97D92324-C158-4C58-BF79-F2D2E1EC98FB}.Release|Any CPU.Build.0 = Release|Any CPU
		{6E06255E-431E-470D-9622-F3BF604A0803}.Debug|Any CPU.ActiveCfg = Debug|Any CPU
		{6E06255E-431E-470D-9622-F3BF604A0803}.Debug|Any CPU.Build.0 = Debug|Any CPU
		{6E06255E-431E-470D-9622-F3BF604A0803}.Release|Any CPU.ActiveCfg = Release|Any CPU
		{6E06255E-431E-470D-9622-F3BF604A0803}.Release|Any CPU.Build.0 = Release|Any CPU
		{70B709E1-82A1-4E31-9679-28BF4EEBC62E}.Debug|Any CPU.ActiveCfg = Debug|Any CPU
		{70B709E1-82A1-4E31-9679-28BF4EEBC62E}.Debug|Any CPU.Build.0 = Debug|Any CPU
		{70B709E1-82A1-4E31-9679-28BF4EEBC62E}.Release|Any CPU.ActiveCfg = Release|Any CPU
		{70B709E1-82A1-4E31-9679-28BF4EEBC62E}.Release|Any CPU.Build.0 = Release|Any CPU
	EndGlobalSection
	GlobalSection(SolutionProperties) = preSolution
		HideSolutionNode = FALSE
	EndGlobalSection
EndGlobal
