
Microsoft Visual Studio Solution File, Format Version 12.00
# Visual Studio 14
VisualStudioVersion = 14.0.25420.1
MinimumVisualStudioVersion = 10.0.40219.1
Project("{F2A71F9B-5D33-465A-A702-920D77279786}") = "Spiral V4 (bandits)", "Spiral V4 (bandits)\Spiral V4 (bandits).fsproj", "{70BC3679-E519-4513-9DEC-7424CA234C4B}"
EndProject
Project("{F2A71F9B-5D33-465A-A702-920D77279786}") = "Spiral V4 Pipes (bandits)", "Spiral V4 Pipes (bandits)\Spiral V4 Pipes (bandits).fsproj", "{97D92324-C158-4C58-BF79-F2D2E1EC98FB}"
EndProject
Project("{F2A71F9B-5D33-465A-A702-920D77279786}") = "Layer Norm Stuff", "Layer Norm Stuff\Layer Norm Stuff.fsproj", "{70B709E1-82A1-4E31-9679-28BF4EEBC62E}"
EndProject
Project("{F2A71F9B-5D33-465A-A702-920D77279786}") = "Spiral V5", "Spiral V5\Spiral V5.fsproj", "{192FD48F-C1E9-4BD8-93C7-64615CC8919A}"
EndProject
Global
	GlobalSection(Performance) = preSolution
		HasPerformanceSessions = true
	EndGlobalSection
	GlobalSection(SolutionConfigurationPlatforms) = preSolution
		Debug|x64 = Debug|x64
		Debug|x86 = Debug|x86
		Release|x64 = Release|x64
		Release|x86 = Release|x86
	EndGlobalSection
	GlobalSection(ProjectConfigurationPlatforms) = postSolution
		{70BC3679-E519-4513-9DEC-7424CA234C4B}.Debug|x64.ActiveCfg = Debug|x64
		{70BC3679-E519-4513-9DEC-7424CA234C4B}.Debug|x64.Build.0 = Debug|x64
		{70BC3679-E519-4513-9DEC-7424CA234C4B}.Debug|x86.ActiveCfg = Debug|x86
		{70BC3679-E519-4513-9DEC-7424CA234C4B}.Debug|x86.Build.0 = Debug|x86
		{70BC3679-E519-4513-9DEC-7424CA234C4B}.Release|x64.ActiveCfg = Release|x64
		{70BC3679-E519-4513-9DEC-7424CA234C4B}.Release|x64.Build.0 = Release|x64
		{70BC3679-E519-4513-9DEC-7424CA234C4B}.Release|x86.ActiveCfg = Release|x86
		{97D92324-C158-4C58-BF79-F2D2E1EC98FB}.Debug|x64.ActiveCfg = Debug|x64
		{97D92324-C158-4C58-BF79-F2D2E1EC98FB}.Debug|x64.Build.0 = Debug|x64
		{97D92324-C158-4C58-BF79-F2D2E1EC98FB}.Debug|x86.ActiveCfg = Debug|x86
		{97D92324-C158-4C58-BF79-F2D2E1EC98FB}.Debug|x86.Build.0 = Debug|x86
		{97D92324-C158-4C58-BF79-F2D2E1EC98FB}.Release|x64.ActiveCfg = Release|x64
		{97D92324-C158-4C58-BF79-F2D2E1EC98FB}.Release|x64.Build.0 = Release|x64
		{97D92324-C158-4C58-BF79-F2D2E1EC98FB}.Release|x86.ActiveCfg = Release|x86
		{70B709E1-82A1-4E31-9679-28BF4EEBC62E}.Debug|x64.ActiveCfg = Debug|x64
		{70B709E1-82A1-4E31-9679-28BF4EEBC62E}.Debug|x64.Build.0 = Debug|x64
		{70B709E1-82A1-4E31-9679-28BF4EEBC62E}.Debug|x86.ActiveCfg = Debug|x86
		{70B709E1-82A1-4E31-9679-28BF4EEBC62E}.Debug|x86.Build.0 = Debug|x86
		{70B709E1-82A1-4E31-9679-28BF4EEBC62E}.Release|x64.ActiveCfg = Release|x64
		{70B709E1-82A1-4E31-9679-28BF4EEBC62E}.Release|x64.Build.0 = Release|x64
		{70B709E1-82A1-4E31-9679-28BF4EEBC62E}.Release|x86.ActiveCfg = Release|x86
		{192FD48F-C1E9-4BD8-93C7-64615CC8919A}.Debug|x64.ActiveCfg = Debug|x64
		{192FD48F-C1E9-4BD8-93C7-64615CC8919A}.Debug|x64.Build.0 = Debug|x64
		{192FD48F-C1E9-4BD8-93C7-64615CC8919A}.Debug|x86.ActiveCfg = Debug|x86
		{192FD48F-C1E9-4BD8-93C7-64615CC8919A}.Debug|x86.Build.0 = Debug|x86
		{192FD48F-C1E9-4BD8-93C7-64615CC8919A}.Release|x64.ActiveCfg = Release|x64
		{192FD48F-C1E9-4BD8-93C7-64615CC8919A}.Release|x64.Build.0 = Release|x64
		{192FD48F-C1E9-4BD8-93C7-64615CC8919A}.Release|x86.ActiveCfg = Release|x86
		{192FD48F-C1E9-4BD8-93C7-64615CC8919A}.Release|x86.Build.0 = Release|x86
	EndGlobalSection
	GlobalSection(SolutionProperties) = preSolution
		HideSolutionNode = FALSE
	EndGlobalSection
EndGlobal
